// !$*UTF8*$!
{
	archiveVersion = 1;
	classes = {
	};
	objectVersion = 50;
	objects = {

/* Begin PBXBuildFile section */
		2E09C866266BA41500B3C77C /* gif.gif in Resources */ = {isa = PBXBuildFile; fileRef = 2E09C865266BA41500B3C77C /* gif.gif */; };
		2E09C86A266BA8A400B3C77C /* Assets.xcassets in Resources */ = {isa = PBXBuildFile; fileRef = 2E09C869266BA8A400B3C77C /* Assets.xcassets */; };
		2E09C86D266BA95300B3C77C /* LaunchViewController.swift in Sources */ = {isa = PBXBuildFile; fileRef = 2E09C86C266BA95300B3C77C /* LaunchViewController.swift */; };
		2E09C876266BB41A00B3C77C /* gifToImage.swift in Sources */ = {isa = PBXBuildFile; fileRef = 2E09C875266BB41A00B3C77C /* gifToImage.swift */; };
		2E5E7E7F2666B7AD00AA143B /* AppDelegate.swift in Sources */ = {isa = PBXBuildFile; fileRef = 2E5E7E7E2666B7AD00AA143B /* AppDelegate.swift */; };
		2E5E7E812666B7AD00AA143B /* SceneDelegate.swift in Sources */ = {isa = PBXBuildFile; fileRef = 2E5E7E802666B7AD00AA143B /* SceneDelegate.swift */; };
		2E5E7E832666B7AD00AA143B /* MainViewController.swift in Sources */ = {isa = PBXBuildFile; fileRef = 2E5E7E822666B7AD00AA143B /* MainViewController.swift */; };
		2E5E7E862666B7AD00AA143B /* Main.storyboard in Resources */ = {isa = PBXBuildFile; fileRef = 2E5E7E842666B7AD00AA143B /* Main.storyboard */; };
		2E5E7E8B2666B7B100AA143B /* LaunchScreen.storyboard in Resources */ = {isa = PBXBuildFile; fileRef = 2E5E7E892666B7B100AA143B /* LaunchScreen.storyboard */; };
/* End PBXBuildFile section */

/* Begin PBXFileReference section */
		2E09C865266BA41500B3C77C /* gif.gif */ = {isa = PBXFileReference; lastKnownFileType = image.gif; path = gif.gif; sourceTree = "<group>"; };
		2E09C869266BA8A400B3C77C /* Assets.xcassets */ = {isa = PBXFileReference; lastKnownFileType = folder.assetcatalog; path = Assets.xcassets; sourceTree = "<group>"; };
		2E09C86C266BA95300B3C77C /* LaunchViewController.swift */ = {isa = PBXFileReference; lastKnownFileType = sourcecode.swift; path = LaunchViewController.swift; sourceTree = "<group>"; };
		2E09C875266BB41A00B3C77C /* gifToImage.swift */ = {isa = PBXFileReference; fileEncoding = 4; lastKnownFileType = sourcecode.swift; path = gifToImage.swift; sourceTree = "<group>"; };
		2E5E7E7B2666B7AD00AA143B /* Pali-N-Drom.app */ = {isa = PBXFileReference; explicitFileType = wrapper.application; includeInIndex = 0; path = "Pali-N-Drom.app"; sourceTree = BUILT_PRODUCTS_DIR; };
		2E5E7E7E2666B7AD00AA143B /* AppDelegate.swift */ = {isa = PBXFileReference; lastKnownFileType = sourcecode.swift; path = AppDelegate.swift; sourceTree = "<group>"; };
		2E5E7E802666B7AD00AA143B /* SceneDelegate.swift */ = {isa = PBXFileReference; lastKnownFileType = sourcecode.swift; path = SceneDelegate.swift; sourceTree = "<group>"; };
		2E5E7E822666B7AD00AA143B /* MainViewController.swift */ = {isa = PBXFileReference; lastKnownFileType = sourcecode.swift; path = MainViewController.swift; sourceTree = "<group>"; };
		2E5E7E852666B7AD00AA143B /* Base */ = {isa = PBXFileReference; lastKnownFileType = file.storyboard; name = Base; path = Base.lproj/Main.storyboard; sourceTree = "<group>"; };
		2E5E7E8A2666B7B100AA143B /* Base */ = {isa = PBXFileReference; lastKnownFileType = file.storyboard; name = Base; path = Base.lproj/LaunchScreen.storyboard; sourceTree = "<group>"; };
		2E5E7E8C2666B7B100AA143B /* Info.plist */ = {isa = PBXFileReference; lastKnownFileType = text.plist.xml; path = Info.plist; sourceTree = "<group>"; };
/* End PBXFileReference section */

/* Begin PBXFrameworksBuildPhase section */
		2E5E7E782666B7AD00AA143B /* Frameworks */ = {
			isa = PBXFrameworksBuildPhase;
			buildActionMask = 2147483647;
			files = (
			);
			runOnlyForDeploymentPostprocessing = 0;
		};
/* End PBXFrameworksBuildPhase section */

/* Begin PBXGroup section */
		2E09C86F266BA96C00B3C77C /* App */ = {
			isa = PBXGroup;
			children = (
				2E09C875266BB41A00B3C77C /* gifToImage.swift */,
				2E09C865266BA41500B3C77C /* gif.gif */,
				2E5E7E7E2666B7AD00AA143B /* AppDelegate.swift */,
				2E5E7E802666B7AD00AA143B /* SceneDelegate.swift */,
				2E09C869266BA8A400B3C77C /* Assets.xcassets */,
			);
			path = App;
			sourceTree = "<group>";
		};
		2E09C870266BA97B00B3C77C /* Controller */ = {
			isa = PBXGroup;
			children = (
				2E09C86C266BA95300B3C77C /* LaunchViewController.swift */,
				2E5E7E822666B7AD00AA143B /* MainViewController.swift */,
			);
			path = Controller;
			sourceTree = "<group>";
		};
		2E09C871266BA99B00B3C77C /* View */ = {
			isa = PBXGroup;
			children = (
				2E5E7E892666B7B100AA143B /* LaunchScreen.storyboard */,
				2E5E7E842666B7AD00AA143B /* Main.storyboard */,
			);
			path = View;
			sourceTree = "<group>";
		};
		2E5E7E722666B7AD00AA143B = {
			isa = PBXGroup;
			children = (
				2E5E7E7D2666B7AD00AA143B /* Pali-N-Drom */,
				2E5E7E7C2666B7AD00AA143B /* Products */,
			);
			sourceTree = "<group>";
		};
		2E5E7E7C2666B7AD00AA143B /* Products */ = {
			isa = PBXGroup;
			children = (
				2E5E7E7B2666B7AD00AA143B /* Pali-N-Drom.app */,
			);
			name = Products;
			sourceTree = "<group>";
		};
		2E5E7E7D2666B7AD00AA143B /* Pali-N-Drom */ = {
			isa = PBXGroup;
			children = (
				2E5E7E8C2666B7B100AA143B /* Info.plist */,
				2E09C86F266BA96C00B3C77C /* App */,
				2E09C870266BA97B00B3C77C /* Controller */,
				2E09C871266BA99B00B3C77C /* View */,
			);
			path = "Pali-N-Drom";
			sourceTree = "<group>";
		};
/* End PBXGroup section */

/* Begin PBXNativeTarget section */
		2E5E7E7A2666B7AD00AA143B /* Pali-N-Drom */ = {
			isa = PBXNativeTarget;
			buildConfigurationList = 2E5E7E8F2666B7B100AA143B /* Build configuration list for PBXNativeTarget "Pali-N-Drom" */;
			buildPhases = (
				2E5E7E772666B7AD00AA143B /* Sources */,
				2E5E7E782666B7AD00AA143B /* Frameworks */,
				2E5E7E792666B7AD00AA143B /* Resources */,
			);
			buildRules = (
			);
			dependencies = (
			);
			name = "Pali-N-Drom";
			productName = "Pali-N-Drom";
			productReference = 2E5E7E7B2666B7AD00AA143B /* Pali-N-Drom.app */;
			productType = "com.apple.product-type.application";
		};
/* End PBXNativeTarget section */

/* Begin PBXProject section */
		2E5E7E732666B7AD00AA143B /* Project object */ = {
			isa = PBXProject;
			attributes = {
				LastSwiftUpdateCheck = 1240;
				LastUpgradeCheck = 1240;
				TargetAttributes = {
					2E5E7E7A2666B7AD00AA143B = {
						CreatedOnToolsVersion = 12.4;
					};
				};
			};
			buildConfigurationList = 2E5E7E762666B7AD00AA143B /* Build configuration list for PBXProject "Pali-N-Drom" */;
			compatibilityVersion = "Xcode 9.3";
			developmentRegion = en;
			hasScannedForEncodings = 0;
			knownRegions = (
				en,
				Base,
			);
			mainGroup = 2E5E7E722666B7AD00AA143B;
			productRefGroup = 2E5E7E7C2666B7AD00AA143B /* Products */;
			projectDirPath = "";
			projectRoot = "";
			targets = (
				2E5E7E7A2666B7AD00AA143B /* Pali-N-Drom */,
			);
		};
/* End PBXProject section */

/* Begin PBXResourcesBuildPhase section */
		2E5E7E792666B7AD00AA143B /* Resources */ = {
			isa = PBXResourcesBuildPhase;
			buildActionMask = 2147483647;
			files = (
				2E5E7E8B2666B7B100AA143B /* LaunchScreen.storyboard in Resources */,
				2E09C866266BA41500B3C77C /* gif.gif in Resources */,
				2E09C86A266BA8A400B3C77C /* Assets.xcassets in Resources */,
				2E5E7E862666B7AD00AA143B /* Main.storyboard in Resources */,
			);
			runOnlyForDeploymentPostprocessing = 0;
		};
/* End PBXResourcesBuildPhase section */

/* Begin PBXSourcesBuildPhase section */
		2E5E7E772666B7AD00AA143B /* Sources */ = {
			isa = PBXSourcesBuildPhase;
			buildActionMask = 2147483647;
			files = (
				2E5E7E832666B7AD00AA143B /* MainViewController.swift in Sources */,
				2E5E7E7F2666B7AD00AA143B /* AppDelegate.swift in Sources */,
				2E09C876266BB41A00B3C77C /* gifToImage.swift in Sources */,
				2E5E7E812666B7AD00AA143B /* SceneDelegate.swift in Sources */,
				2E09C86D266BA95300B3C77C /* LaunchViewController.swift in Sources */,
			);
			runOnlyForDeploymentPostprocessing = 0;
		};
/* End PBXSourcesBuildPhase section */

/* Begin PBXVariantGroup section */
		2E5E7E842666B7AD00AA143B /* Main.storyboard */ = {
			isa = PBXVariantGroup;
			children = (
				2E5E7E852666B7AD00AA143B /* Base */,
			);
			name = Main.storyboard;
			sourceTree = "<group>";
		};
		2E5E7E892666B7B100AA143B /* LaunchScreen.storyboard */ = {
			isa = PBXVariantGroup;
			children = (
				2E5E7E8A2666B7B100AA143B /* Base */,
			);
			name = LaunchScreen.storyboard;
			sourceTree = "<group>";
		};
/* End PBXVariantGroup section */

/* Begin XCBuildConfiguration section */
		2E5E7E8D2666B7B100AA143B /* Debug */ = {
			isa = XCBuildConfiguration;
			buildSettings = {
				ALWAYS_SEARCH_USER_PATHS = NO;
				CLANG_ANALYZER_NONNULL = YES;
				CLANG_ANALYZER_NUMBER_OBJECT_CONVERSION = YES_AGGRESSIVE;
				CLANG_CXX_LANGUAGE_STANDARD = "gnu++14";
				CLANG_CXX_LIBRARY = "libc++";
				CLANG_ENABLE_MODULES = YES;
				CLANG_ENABLE_OBJC_ARC = YES;
				CLANG_ENABLE_OBJC_WEAK = YES;
				CLANG_WARN_BLOCK_CAPTURE_AUTORELEASING = YES;
				CLANG_WARN_BOOL_CONVERSION = YES;
				CLANG_WARN_COMMA = YES;
				CLANG_WARN_CONSTANT_CONVERSION = YES;
				CLANG_WARN_DEPRECATED_OBJC_IMPLEMENTATIONS = YES;
				CLANG_WARN_DIRECT_OBJC_ISA_USAGE = YES_ERROR;
				CLANG_WARN_DOCUMENTATION_COMMENTS = YES;
				CLANG_WARN_EMPTY_BODY = YES;
				CLANG_WARN_ENUM_CONVERSION = YES;
				CLANG_WARN_INFINITE_RECURSION = YES;
				CLANG_WARN_INT_CONVERSION = YES;
				CLANG_WARN_NON_LITERAL_NULL_CONVERSION = YES;
				CLANG_WARN_OBJC_IMPLICIT_RETAIN_SELF = YES;
				CLANG_WARN_OBJC_LITERAL_CONVERSION = YES;
				CLANG_WARN_OBJC_ROOT_CLASS = YES_ERROR;
				CLANG_WARN_QUOTED_INCLUDE_IN_FRAMEWORK_HEADER = YES;
				CLANG_WARN_RANGE_LOOP_ANALYSIS = YES;
				CLANG_WARN_STRICT_PROTOTYPES = YES;
				CLANG_WARN_SUSPICIOUS_MOVE = YES;
				CLANG_WARN_UNGUARDED_AVAILABILITY = YES_AGGRESSIVE;
				CLANG_WARN_UNREACHABLE_CODE = YES;
				CLANG_WARN__DUPLICATE_METHOD_MATCH = YES;
				COPY_PHASE_STRIP = NO;
				DEBUG_INFORMATION_FORMAT = dwarf;
				ENABLE_STRICT_OBJC_MSGSEND = YES;
				ENABLE_TESTABILITY = YES;
				GCC_C_LANGUAGE_STANDARD = gnu11;
				GCC_DYNAMIC_NO_PIC = NO;
				GCC_NO_COMMON_BLOCKS = YES;
				GCC_OPTIMIZATION_LEVEL = 0;
				GCC_PREPROCESSOR_DEFINITIONS = (
					"DEBUG=1",
					"$(inherited)",
				);
				GCC_WARN_64_TO_32_BIT_CONVERSION = YES;
				GCC_WARN_ABOUT_RETURN_TYPE = YES_ERROR;
				GCC_WARN_UNDECLARED_SELECTOR = YES;
				GCC_WARN_UNINITIALIZED_AUTOS = YES_AGGRESSIVE;
				GCC_WARN_UNUSED_FUNCTION = YES;
				GCC_WARN_UNUSED_VARIABLE = YES;
				IPHONEOS_DEPLOYMENT_TARGET = 14.4;
				MTL_ENABLE_DEBUG_INFO = INCLUDE_SOURCE;
				MTL_FAST_MATH = YES;
				ONLY_ACTIVE_ARCH = YES;
				SDKROOT = iphoneos;
				SWIFT_ACTIVE_COMPILATION_CONDITIONS = DEBUG;
				SWIFT_OPTIMIZATION_LEVEL = "-Onone";
			};
			name = Debug;
		};
		2E5E7E8E2666B7B100AA143B /* Release */ = {
			isa = XCBuildConfiguration;
			buildSettings = {
				ALWAYS_SEARCH_USER_PATHS = NO;
				CLANG_ANALYZER_NONNULL = YES;
				CLANG_ANALYZER_NUMBER_OBJECT_CONVERSION = YES_AGGRESSIVE;
				CLANG_CXX_LANGUAGE_STANDARD = "gnu++14";
				CLANG_CXX_LIBRARY = "libc++";
				CLANG_ENABLE_MODULES = YES;
				CLANG_ENABLE_OBJC_ARC = YES;
				CLANG_ENABLE_OBJC_WEAK = YES;
				CLANG_WARN_BLOCK_CAPTURE_AUTORELEASING = YES;
				CLANG_WARN_BOOL_CONVERSION = YES;
				CLANG_WARN_COMMA = YES;
				CLANG_WARN_CONSTANT_CONVERSION = YES;
				CLANG_WARN_DEPRECATED_OBJC_IMPLEMENTATIONS = YES;
				CLANG_WARN_DIRECT_OBJC_ISA_USAGE = YES_ERROR;
				CLANG_WARN_DOCUMENTATION_COMMENTS = YES;
				CLANG_WARN_EMPTY_BODY = YES;
				CLANG_WARN_ENUM_CONVERSION = YES;
				CLANG_WARN_INFINITE_RECURSION = YES;
				CLANG_WARN_INT_CONVERSION = YES;
				CLANG_WARN_NON_LITERAL_NULL_CONVERSION = YES;
				CLANG_WARN_OBJC_IMPLICIT_RETAIN_SELF = YES;
				CLANG_WARN_OBJC_LITERAL_CONVERSION = YES;
				CLANG_WARN_OBJC_ROOT_CLASS = YES_ERROR;
				CLANG_WARN_QUOTED_INCLUDE_IN_FRAMEWORK_HEADER = YES;
				CLANG_WARN_RANGE_LOOP_ANALYSIS = YES;
				CLANG_WARN_STRICT_PROTOTYPES = YES;
				CLANG_WARN_SUSPICIOUS_MOVE = YES;
				CLANG_WARN_UNGUARDED_AVAILABILITY = YES_AGGRESSIVE;
				CLANG_WARN_UNREACHABLE_CODE = YES;
				CLANG_WARN__DUPLICATE_METHOD_MATCH = YES;
				COPY_PHASE_STRIP = NO;
				DEBUG_INFORMATION_FORMAT = "dwarf-with-dsym";
				ENABLE_NS_ASSERTIONS = NO;
				ENABLE_STRICT_OBJC_MSGSEND = YES;
				GCC_C_LANGUAGE_STANDARD = gnu11;
				GCC_NO_COMMON_BLOCKS = YES;
				GCC_WARN_64_TO_32_BIT_CONVERSION = YES;
				GCC_WARN_ABOUT_RETURN_TYPE = YES_ERROR;
				GCC_WARN_UNDECLARED_SELECTOR = YES;
				GCC_WARN_UNINITIALIZED_AUTOS = YES_AGGRESSIVE;
				GCC_WARN_UNUSED_FUNCTION = YES;
				GCC_WARN_UNUSED_VARIABLE = YES;
				IPHONEOS_DEPLOYMENT_TARGET = 14.4;
				MTL_ENABLE_DEBUG_INFO = NO;
				MTL_FAST_MATH = YES;
				SDKROOT = iphoneos;
				SWIFT_COMPILATION_MODE = wholemodule;
				SWIFT_OPTIMIZATION_LEVEL = "-O";
				VALIDATE_PRODUCT = YES;
			};
			name = Release;
		};
		2E5E7E902666B7B100AA143B /* Debug */ = {
			isa = XCBuildConfiguration;
			buildSettings = {
				ASSETCATALOG_COMPILER_APPICON_NAME = AppIcon;
				ASSETCATALOG_COMPILER_GLOBAL_ACCENT_COLOR_NAME = AccentColor;
				CODE_SIGN_STYLE = Automatic;
				DEVELOPMENT_TEAM = 3VJYN6Z9BM;
				INFOPLIST_FILE = "Pali-N-Drom/Info.plist";
				LD_RUNPATH_SEARCH_PATHS = (
					"$(inherited)",
					"@executable_path/Frameworks",
				);
				PRODUCT_BUNDLE_IDENTIFIER = "ru.laranweb.Pali-N-Drom";
				PRODUCT_NAME = "$(TARGET_NAME)";
				SWIFT_VERSION = 5.0;
				TARGETED_DEVICE_FAMILY = "1,2";
			};
			name = Debug;
		};
		2E5E7E912666B7B100AA143B /* Release */ = {
			isa = XCBuildConfiguration;
			buildSettings = {
				ASSETCATALOG_COMPILER_APPICON_NAME = AppIcon;
				ASSETCATALOG_COMPILER_GLOBAL_ACCENT_COLOR_NAME = AccentColor;
				CODE_SIGN_STYLE = Automatic;
				DEVELOPMENT_TEAM = 3VJYN6Z9BM;
				INFOPLIST_FILE = "Pali-N-Drom/Info.plist";
				LD_RUNPATH_SEARCH_PATHS = (
					"$(inherited)",
					"@executable_path/Frameworks",
				);
				PRODUCT_BUNDLE_IDENTIFIER = "ru.laranweb.Pali-N-Drom";
				PRODUCT_NAME = "$(TARGET_NAME)";
				SWIFT_VERSION = 5.0;
				TARGETED_DEVICE_FAMILY = "1,2";
			};
			name = Release;
		};
/* End XCBuildConfiguration section */

/* Begin XCConfigurationList section */
		2E5E7E762666B7AD00AA143B /* Build configuration list for PBXProject "Pali-N-Drom" */ = {
			isa = XCConfigurationList;
			buildConfigurations = (
				2E5E7E8D2666B7B100AA143B /* Debug */,
				2E5E7E8E2666B7B100AA143B /* Release */,
			);
			defaultConfigurationIsVisible = 0;
			defaultConfigurationName = Release;
		};
		2E5E7E8F2666B7B100AA143B /* Build configuration list for PBXNativeTarget "Pali-N-Drom" */ = {
			isa = XCConfigurationList;
			buildConfigurations = (
				2E5E7E902666B7B100AA143B /* Debug */,
				2E5E7E912666B7B100AA143B /* Release */,
			);
			defaultConfigurationIsVisible = 0;
			defaultConfigurationName = Release;
		};
/* End XCConfigurationList section */
	};
	rootObject = 2E5E7E732666B7AD00AA143B /* Project object */;
}
